
Microsoft Visual Studio Solution File, Format Version 12.00
# Visual Studio Version 16
VisualStudioVersion = 16.0.30204.135
MinimumVisualStudioVersion = 10.0.40219.1
Project("{FAE04EC0-301F-11D3-BF4B-00C04F79EFBC}") = "SimuladorPartidos", "SimuladorPartidos\SimuladorPartidos.csproj", "{ED51B1EB-6EA0-42CB-8D34-C8B8652410D4}"
EndProject
Global
	GlobalSection(SolutionConfigurationPlatforms) = preSolution
		Debug|Any CPU = Debug|Any CPU
		Release|Any CPU = Release|Any CPU
	EndGlobalSection
	GlobalSection(ProjectConfigurationPlatforms) = postSolution
		{ED51B1EB-6EA0-42CB-8D34-C8B8652410D4}.Debug|Any CPU.ActiveCfg = Debug|Any CPU
		{ED51B1EB-6EA0-42CB-8D34-C8B8652410D4}.Debug|Any CPU.Build.0 = Debug|Any CPU
		{ED51B1EB-6EA0-42CB-8D34-C8B8652410D4}.Release|Any CPU.ActiveCfg = Release|Any CPU
		{ED51B1EB-6EA0-42CB-8D34-C8B8652410D4}.Release|Any CPU.Build.0 = Release|Any CPU
	EndGlobalSection
	GlobalSection(SolutionProperties) = preSolution
		HideSolutionNode = FALSE
	EndGlobalSection
	GlobalSection(ExtensibilityGlobals) = postSolution
		SolutionGuid = {41A5F0C3-AA64-494A-B90D-A5C50E89C49D}
	EndGlobalSection
EndGlobal
